// !$*UTF8*$!
{
	archiveVersion = 1;
	classes = {
	};
	objectVersion = 46;
	objects = {

/* Begin PBXBuildFile section */
		182C83591E45A2DA005BE479 /* AppDelegate.swift in Sources */ = {isa = PBXBuildFile; fileRef = 182C83581E45A2DA005BE479 /* AppDelegate.swift */; };
		182C835B1E45A2DA005BE479 /* ViewController.swift in Sources */ = {isa = PBXBuildFile; fileRef = 182C835A1E45A2DA005BE479 /* ViewController.swift */; };
		182C83601E45A2DA005BE479 /* Assets.xcassets in Resources */ = {isa = PBXBuildFile; fileRef = 182C835F1E45A2DA005BE479 /* Assets.xcassets */; };
		182C83631E45A2DA005BE479 /* LaunchScreen.storyboard in Resources */ = {isa = PBXBuildFile; fileRef = 182C83611E45A2DA005BE479 /* LaunchScreen.storyboard */; };
		182C836B1E45A41E005BE479 /* MSDatePickerCell.swift in Sources */ = {isa = PBXBuildFile; fileRef = 182C836A1E45A41E005BE479 /* MSDatePickerCell.swift */; };
/* End PBXBuildFile section */

/* Begin PBXFileReference section */
		182C83551E45A2DA005BE479 /* MSDatePickerCell-Demo.app */ = {isa = PBXFileReference; explicitFileType = wrapper.application; includeInIndex = 0; path = "MSDatePickerCell-Demo.app"; sourceTree = BUILT_PRODUCTS_DIR; };
		182C83581E45A2DA005BE479 /* AppDelegate.swift */ = {isa = PBXFileReference; lastKnownFileType = sourcecode.swift; path = AppDelegate.swift; sourceTree = "<group>"; };
		182C835A1E45A2DA005BE479 /* ViewController.swift */ = {isa = PBXFileReference; lastKnownFileType = sourcecode.swift; path = ViewController.swift; sourceTree = "<group>"; };
		182C835F1E45A2DA005BE479 /* Assets.xcassets */ = {isa = PBXFileReference; lastKnownFileType = folder.assetcatalog; path = Assets.xcassets; sourceTree = "<group>"; };
		182C83621E45A2DA005BE479 /* Base */ = {isa = PBXFileReference; lastKnownFileType = file.storyboard; name = Base; path = Base.lproj/LaunchScreen.storyboard; sourceTree = "<group>"; };
		182C83641E45A2DA005BE479 /* Info.plist */ = {isa = PBXFileReference; lastKnownFileType = text.plist.xml; path = Info.plist; sourceTree = "<group>"; };
		182C836A1E45A41E005BE479 /* MSDatePickerCell.swift */ = {isa = PBXFileReference; fileEncoding = 4; lastKnownFileType = sourcecode.swift; path = MSDatePickerCell.swift; sourceTree = "<group>"; };
/* End PBXFileReference section */

/* Begin PBXFrameworksBuildPhase section */
		182C83521E45A2DA005BE479 /* Frameworks */ = {
			isa = PBXFrameworksBuildPhase;
			buildActionMask = 2147483647;
			files = (
			);
			runOnlyForDeploymentPostprocessing = 0;
		};
/* End PBXFrameworksBuildPhase section */

/* Begin PBXGroup section */
		182C834C1E45A2D9005BE479 = {
			isa = PBXGroup;
			children = (
				182C83571E45A2DA005BE479 /* MSDatePickerCell-Demo */,
				182C83561E45A2DA005BE479 /* Products */,
			);
			sourceTree = "<group>";
		};
		182C83561E45A2DA005BE479 /* Products */ = {
			isa = PBXGroup;
			children = (
				182C83551E45A2DA005BE479 /* MSDatePickerCell-Demo.app */,
			);
			name = Products;
			sourceTree = "<group>";
		};
		182C83571E45A2DA005BE479 /* MSDatePickerCell-Demo */ = {
			isa = PBXGroup;
			children = (
				182C83581E45A2DA005BE479 /* AppDelegate.swift */,
				182C835A1E45A2DA005BE479 /* ViewController.swift */,
				182C836A1E45A41E005BE479 /* MSDatePickerCell.swift */,
				182C835F1E45A2DA005BE479 /* Assets.xcassets */,
				182C83611E45A2DA005BE479 /* LaunchScreen.storyboard */,
				182C83641E45A2DA005BE479 /* Info.plist */,
			);
			path = "MSDatePickerCell-Demo";
			sourceTree = "<group>";
		};
/* End PBXGroup section */

/* Begin PBXNativeTarget section */
		182C83541E45A2DA005BE479 /* MSDatePickerCell-Demo */ = {
			isa = PBXNativeTarget;
			buildConfigurationList = 182C83671E45A2DA005BE479 /* Build configuration list for PBXNativeTarget "MSDatePickerCell-Demo" */;
			buildPhases = (
				182C83511E45A2DA005BE479 /* Sources */,
				182C83521E45A2DA005BE479 /* Frameworks */,
				182C83531E45A2DA005BE479 /* Resources */,
			);
			buildRules = (
			);
			dependencies = (
			);
			name = "MSDatePickerCell-Demo";
			productName = "MSDatePickerCell-Demo";
			productReference = 182C83551E45A2DA005BE479 /* MSDatePickerCell-Demo.app */;
			productType = "com.apple.product-type.application";
		};
/* End PBXNativeTarget section */

/* Begin PBXProject section */
		182C834D1E45A2D9005BE479 /* Project object */ = {
			isa = PBXProject;
			attributes = {
				LastSwiftUpdateCheck = 0820;
				LastUpgradeCheck = 0820;
				ORGANIZATIONNAME = masashi_sutou;
				TargetAttributes = {
					182C83541E45A2DA005BE479 = {
						CreatedOnToolsVersion = 8.2.1;
						DevelopmentTeam = E8L2964G6Z;
						ProvisioningStyle = Automatic;
					};
				};
			};
			buildConfigurationList = 182C83501E45A2D9005BE479 /* Build configuration list for PBXProject "MSDatePickerCell-Demo" */;
			compatibilityVersion = "Xcode 3.2";
			developmentRegion = English;
			hasScannedForEncodings = 0;
			knownRegions = (
				en,
				Base,
			);
			mainGroup = 182C834C1E45A2D9005BE479;
			productRefGroup = 182C83561E45A2DA005BE479 /* Products */;
			projectDirPath = "";
			projectRoot = "";
			targets = (
				182C83541E45A2DA005BE479 /* MSDatePickerCell-Demo */,
			);
		};
/* End PBXProject section */

/* Begin PBXResourcesBuildPhase section */
		182C83531E45A2DA005BE479 /* Resources */ = {
			isa = PBXResourcesBuildPhase;
			buildActionMask = 2147483647;
			files = (
				182C83631E45A2DA005BE479 /* LaunchScreen.storyboard in Resources */,
				182C83601E45A2DA005BE479 /* Assets.xcassets in Resources */,
			);
			runOnlyForDeploymentPostprocessing = 0;
		};
/* End PBXResourcesBuildPhase section */

/* Begin PBXSourcesBuildPhase section */
		182C83511E45A2DA005BE479 /* Sources */ = {
			isa = PBXSourcesBuildPhase;
			buildActionMask = 2147483647;
			files = (
				182C835B1E45A2DA005BE479 /* ViewController.swift in Sources */,
				182C83591E45A2DA005BE479 /* AppDelegate.swift in Sources */,
				182C836B1E45A41E005BE479 /* MSDatePickerCell.swift in Sources */,
			);
			runOnlyForDeploymentPostprocessing = 0;
		};
/* End PBXSourcesBuildPhase section */

/* Begin PBXVariantGroup section */
		182C83611E45A2DA005BE479 /* LaunchScreen.storyboard */ = {
			isa = PBXVariantGroup;
			children = (
				182C83621E45A2DA005BE479 /* Base */,
			);
			name = LaunchScreen.storyboard;
			sourceTree = "<group>";
		};
/* End PBXVariantGroup section */

/* Begin XCBuildConfiguration section */
		182C83651E45A2DA005BE479 /* Debug */ = {
			isa = XCBuildConfiguration;
			buildSettings = {
				ALWAYS_SEARCH_USER_PATHS = NO;
				CLANG_ANALYZER_NONNULL = YES;
				CLANG_CXX_LANGUAGE_STANDARD = "gnu++0x";
				CLANG_CXX_LIBRARY = "libc++";
				CLANG_ENABLE_MODULES = YES;
				CLANG_ENABLE_OBJC_ARC = YES;
				CLANG_WARN_BOOL_CONVERSION = YES;
				CLANG_WARN_CONSTANT_CONVERSION = YES;
				CLANG_WARN_DIRECT_OBJC_ISA_USAGE = YES_ERROR;
				CLANG_WARN_DOCUMENTATION_COMMENTS = YES;
				CLANG_WARN_EMPTY_BODY = YES;
				CLANG_WARN_ENUM_CONVERSION = YES;
				CLANG_WARN_INFINITE_RECURSION = YES;
				CLANG_WARN_INT_CONVERSION = YES;
				CLANG_WARN_OBJC_ROOT_CLASS = YES_ERROR;
				CLANG_WARN_SUSPICIOUS_MOVE = YES;
				CLANG_WARN_UNREACHABLE_CODE = YES;
				CLANG_WARN__DUPLICATE_METHOD_MATCH = YES;
				"CODE_SIGN_IDENTITY[sdk=iphoneos*]" = "iPhone Developer";
				COPY_PHASE_STRIP = NO;
				DEBUG_INFORMATION_FORMAT = dwarf;
				ENABLE_STRICT_OBJC_MSGSEND = YES;
				ENABLE_TESTABILITY = YES;
				GCC_C_LANGUAGE_STANDARD = gnu99;
				GCC_DYNAMIC_NO_PIC = NO;
				GCC_NO_COMMON_BLOCKS = YES;
				GCC_OPTIMIZATION_LEVEL = 0;
				GCC_PREPROCESSOR_DEFINITIONS = (
					"DEBUG=1",
					"$(inherited)",
				);
				GCC_WARN_64_TO_32_BIT_CONVERSION = YES;
				GCC_WARN_ABOUT_RETURN_TYPE = YES_ERROR;
				GCC_WARN_UNDECLARED_SELECTOR = YES;
				GCC_WARN_UNINITIALIZED_AUTOS = YES_AGGRESSIVE;
				GCC_WARN_UNUSED_FUNCTION = YES;
				GCC_WARN_UNUSED_VARIABLE = YES;
				IPHONEOS_DEPLOYMENT_TARGET = 9.0;
				MTL_ENABLE_DEBUG_INFO = YES;
				ONLY_ACTIVE_ARCH = YES;
				SDKROOT = iphoneos;
				SWIFT_ACTIVE_COMPILATION_CONDITIONS = DEBUG;
				SWIFT_OPTIMIZATION_LEVEL = "-Onone";
			};
			name = Debug;
		};
		182C83661E45A2DA005BE479 /* Release */ = {
			isa = XCBuildConfiguration;
			buildSettings = {
				ALWAYS_SEARCH_USER_PATHS = NO;
				CLANG_ANALYZER_NONNULL = YES;
				CLANG_CXX_LANGUAGE_STANDARD = "gnu++0x";
				CLANG_CXX_LIBRARY = "libc++";
				CLANG_ENABLE_MODULES = YES;
				CLANG_ENABLE_OBJC_ARC = YES;
				CLANG_WARN_BOOL_CONVERSION = YES;
				CLANG_WARN_CONSTANT_CONVERSION = YES;
				CLANG_WARN_DIRECT_OBJC_ISA_USAGE = YES_ERROR;
				CLANG_WARN_DOCUMENTATION_COMMENTS = YES;
				CLANG_WARN_EMPTY_BODY = YES;
				CLANG_WARN_ENUM_CONVERSION = YES;
				CLANG_WARN_INFINITE_RECURSION = YES;
				CLANG_WARN_INT_CONVERSION = YES;
				CLANG_WARN_OBJC_ROOT_CLASS = YES_ERROR;
				CLANG_WARN_SUSPICIOUS_MOVE = YES;
				CLANG_WARN_UNREACHABLE_CODE = YES;
				CLANG_WARN__DUPLICATE_METHOD_MATCH = YES;
				"CODE_SIGN_IDENTITY[sdk=iphoneos*]" = "iPhone Developer";
				COPY_PHASE_STRIP = NO;
				DEBUG_INFORMATION_FORMAT = "dwarf-with-dsym";
				ENABLE_NS_ASSERTIONS = NO;
				ENABLE_STRICT_OBJC_MSGSEND = YES;
				GCC_C_LANGUAGE_STANDARD = gnu99;
				GCC_NO_COMMON_BLOCKS = YES;
				GCC_WARN_64_TO_32_BIT_CONVERSION = YES;
				GCC_WARN_ABOUT_RETURN_TYPE = YES_ERROR;
				GCC_WARN_UNDECLARED_SELECTOR = YES;
				GCC_WARN_UNINITIALIZED_AUTOS = YES_AGGRESSIVE;
				GCC_WARN_UNUSED_FUNCTION = YES;
				GCC_WARN_UNUSED_VARIABLE = YES;
				IPHONEOS_DEPLOYMENT_TARGET = 9.0;
				MTL_ENABLE_DEBUG_INFO = NO;
				SDKROOT = iphoneos;
				SWIFT_OPTIMIZATION_LEVEL = "-Owholemodule";
				VALIDATE_PRODUCT = YES;
			};
			name = Release;
		};
		182C83681E45A2DA005BE479 /* Debug */ = {
			isa = XCBuildConfiguration;
			buildSettings = {
				ASSETCATALOG_COMPILER_APPICON_NAME = AppIcon;
				DEVELOPMENT_TEAM = E8L2964G6Z;
				INFOPLIST_FILE = "MSDatePickerCell-Demo/Info.plist";
				LD_RUNPATH_SEARCH_PATHS = "$(inherited) @executable_path/Frameworks";
				PRODUCT_BUNDLE_IDENTIFIER = "com.masashi.sutou.MSDatePickerCell-Demo";
				PRODUCT_NAME = "$(TARGET_NAME)";
				SWIFT_VERSION = 3.0;
			};
			name = Debug;
		};
		182C83691E45A2DA005BE479 /* Release */ = {
			isa = XCBuildConfiguration;
			buildSettings = {
				ASSETCATALOG_COMPILER_APPICON_NAME = AppIcon;
				DEVELOPMENT_TEAM = E8L2964G6Z;
				INFOPLIST_FILE = "MSDatePickerCell-Demo/Info.plist";
				LD_RUNPATH_SEARCH_PATHS = "$(inherited) @executable_path/Frameworks";
				PRODUCT_BUNDLE_IDENTIFIER = "com.masashi.sutou.MSDatePickerCell-Demo";
				PRODUCT_NAME = "$(TARGET_NAME)";
				SWIFT_VERSION = 3.0;
			};
			name = Release;
		};
/* End XCBuildConfiguration section */

/* Begin XCConfigurationList section */
		182C83501E45A2D9005BE479 /* Build configuration list for PBXProject "MSDatePickerCell-Demo" */ = {
			isa = XCConfigurationList;
			buildConfigurations = (
				182C83651E45A2DA005BE479 /* Debug */,
				182C83661E45A2DA005BE479 /* Release */,
			);
			defaultConfigurationIsVisible = 0;
			defaultConfigurationName = Release;
		};
		182C83671E45A2DA005BE479 /* Build configuration list for PBXNativeTarget "MSDatePickerCell-Demo" */ = {
			isa = XCConfigurationList;
			buildConfigurations = (
				182C83681E45A2DA005BE479 /* Debug */,
				182C83691E45A2DA005BE479 /* Release */,
			);
			defaultConfigurationIsVisible = 0;
		};
/* End XCConfigurationList section */
	};
	rootObject = 182C834D1E45A2D9005BE479 /* Project object */;
}
